// !$*UTF8*$!
{
	archiveVersion = 1;
	classes = {
	};
	objectVersion = 55;
	objects = {

/* Begin PBXBuildFile section */
		6DFE0F310F9C223A64C7A8C4 /* Pods_Combineflix.framework in Frameworks */ = {isa = PBXBuildFile; fileRef = FCB787E30655D42EE90CB461 /* Pods_Combineflix.framework */; };
		A40C2C9C284232F5008AB022 /* ImageDownloadable.swift in Sources */ = {isa = PBXBuildFile; fileRef = A40C2C9B284232F5008AB022 /* ImageDownloadable.swift */; };
		A40C2C9E28423358008AB022 /* ImageDownloadService.swift in Sources */ = {isa = PBXBuildFile; fileRef = A40C2C9D28423358008AB022 /* ImageDownloadService.swift */; };
		A45852E5284176510039BCE8 /* NetworkServiceable.swift in Sources */ = {isa = PBXBuildFile; fileRef = A45852E4284176510039BCE8 /* NetworkServiceable.swift */; };
		A45852E7284177280039BCE8 /* NetworkService.swift in Sources */ = {isa = PBXBuildFile; fileRef = A45852E6284177280039BCE8 /* NetworkService.swift */; };
		A45852E928417B220039BCE8 /* SectionViewModel.swift in Sources */ = {isa = PBXBuildFile; fileRef = A45852E828417B220039BCE8 /* SectionViewModel.swift */; };
		A45852EB28417C460039BCE8 /* MainViewModel.swift in Sources */ = {isa = PBXBuildFile; fileRef = A45852EA28417C460039BCE8 /* MainViewModel.swift */; };
		A45852ED28417DAA0039BCE8 /* MovieViewModel.swift in Sources */ = {isa = PBXBuildFile; fileRef = A45852EC28417DAA0039BCE8 /* MovieViewModel.swift */; };
		A47E9A6B283FDACA00823CD0 /* AppDelegate.swift in Sources */ = {isa = PBXBuildFile; fileRef = A47E9A6A283FDACA00823CD0 /* AppDelegate.swift */; };
		A47E9A6D283FDACA00823CD0 /* SceneDelegate.swift in Sources */ = {isa = PBXBuildFile; fileRef = A47E9A6C283FDACA00823CD0 /* SceneDelegate.swift */; };
		A47E9A6F283FDACA00823CD0 /* MainViewController.swift in Sources */ = {isa = PBXBuildFile; fileRef = A47E9A6E283FDACA00823CD0 /* MainViewController.swift */; };
		A47E9A72283FDACA00823CD0 /* Main.storyboard in Resources */ = {isa = PBXBuildFile; fileRef = A47E9A70283FDACA00823CD0 /* Main.storyboard */; };
		A47E9A74283FDACE00823CD0 /* Assets.xcassets in Resources */ = {isa = PBXBuildFile; fileRef = A47E9A73283FDACE00823CD0 /* Assets.xcassets */; };
		A47E9A77283FDACE00823CD0 /* LaunchScreen.storyboard in Resources */ = {isa = PBXBuildFile; fileRef = A47E9A75283FDACE00823CD0 /* LaunchScreen.storyboard */; };
		A47E9A90283FF01300823CD0 /* SectionTableViewCell.xib in Resources */ = {isa = PBXBuildFile; fileRef = A47E9A88283FF01300823CD0 /* SectionTableViewCell.xib */; };
		A47E9A91283FF01300823CD0 /* SectionTableViewCell.swift in Sources */ = {isa = PBXBuildFile; fileRef = A47E9A89283FF01300823CD0 /* SectionTableViewCell.swift */; };
		A47E9A94283FF01300823CD0 /* MovieCollectionViewCell.swift in Sources */ = {isa = PBXBuildFile; fileRef = A47E9A8E283FF01300823CD0 /* MovieCollectionViewCell.swift */; };
		A47E9A95283FF01300823CD0 /* MovieCollectionViewCell.xib in Resources */ = {isa = PBXBuildFile; fileRef = A47E9A8F283FF01300823CD0 /* MovieCollectionViewCell.xib */; };
		A47E9A9A283FF05700823CD0 /* Movie.swift in Sources */ = {isa = PBXBuildFile; fileRef = A47E9A97283FF05700823CD0 /* Movie.swift */; };
		A47E9A9B283FF05700823CD0 /* MovieResponse.swift in Sources */ = {isa = PBXBuildFile; fileRef = A47E9A98283FF05700823CD0 /* MovieResponse.swift */; };
		A47E9A9C283FF05700823CD0 /* Section.swift in Sources */ = {isa = PBXBuildFile; fileRef = A47E9A99283FF05700823CD0 /* Section.swift */; };
		A47E9A9F283FF1F700823CD0 /* Constants.swift in Sources */ = {isa = PBXBuildFile; fileRef = A47E9A9E283FF1F700823CD0 /* Constants.swift */; };
/* End PBXBuildFile section */

/* Begin PBXFileReference section */
		16CBE6E30C81B9D58BD52E0B /* Pods-Combineflix.debug.xcconfig */ = {isa = PBXFileReference; includeInIndex = 1; lastKnownFileType = text.xcconfig; name = "Pods-Combineflix.debug.xcconfig"; path = "Target Support Files/Pods-Combineflix/Pods-Combineflix.debug.xcconfig"; sourceTree = "<group>"; };
		6838302878F3B5A0A701F75A /* Pods-Combineflix.release.xcconfig */ = {isa = PBXFileReference; includeInIndex = 1; lastKnownFileType = text.xcconfig; name = "Pods-Combineflix.release.xcconfig"; path = "Target Support Files/Pods-Combineflix/Pods-Combineflix.release.xcconfig"; sourceTree = "<group>"; };
		A40C2C9B284232F5008AB022 /* ImageDownloadable.swift */ = {isa = PBXFileReference; lastKnownFileType = sourcecode.swift; path = ImageDownloadable.swift; sourceTree = "<group>"; };
		A40C2C9D28423358008AB022 /* ImageDownloadService.swift */ = {isa = PBXFileReference; lastKnownFileType = sourcecode.swift; path = ImageDownloadService.swift; sourceTree = "<group>"; };
		A45852E4284176510039BCE8 /* NetworkServiceable.swift */ = {isa = PBXFileReference; lastKnownFileType = sourcecode.swift; path = NetworkServiceable.swift; sourceTree = "<group>"; };
		A45852E6284177280039BCE8 /* NetworkService.swift */ = {isa = PBXFileReference; lastKnownFileType = sourcecode.swift; path = NetworkService.swift; sourceTree = "<group>"; };
		A45852E828417B220039BCE8 /* SectionViewModel.swift */ = {isa = PBXFileReference; lastKnownFileType = sourcecode.swift; path = SectionViewModel.swift; sourceTree = "<group>"; };
		A45852EA28417C460039BCE8 /* MainViewModel.swift */ = {isa = PBXFileReference; lastKnownFileType = sourcecode.swift; path = MainViewModel.swift; sourceTree = "<group>"; };
		A45852EC28417DAA0039BCE8 /* MovieViewModel.swift */ = {isa = PBXFileReference; lastKnownFileType = sourcecode.swift; path = MovieViewModel.swift; sourceTree = "<group>"; };
		A47E9A67283FDACA00823CD0 /* Combineflix.app */ = {isa = PBXFileReference; explicitFileType = wrapper.application; includeInIndex = 0; path = Combineflix.app; sourceTree = BUILT_PRODUCTS_DIR; };
		A47E9A6A283FDACA00823CD0 /* AppDelegate.swift */ = {isa = PBXFileReference; lastKnownFileType = sourcecode.swift; path = AppDelegate.swift; sourceTree = "<group>"; };
		A47E9A6C283FDACA00823CD0 /* SceneDelegate.swift */ = {isa = PBXFileReference; lastKnownFileType = sourcecode.swift; path = SceneDelegate.swift; sourceTree = "<group>"; };
		A47E9A6E283FDACA00823CD0 /* MainViewController.swift */ = {isa = PBXFileReference; lastKnownFileType = sourcecode.swift; path = MainViewController.swift; sourceTree = "<group>"; };
		A47E9A71283FDACA00823CD0 /* Base */ = {isa = PBXFileReference; lastKnownFileType = file.storyboard; name = Base; path = Base.lproj/Main.storyboard; sourceTree = "<group>"; };
		A47E9A73283FDACE00823CD0 /* Assets.xcassets */ = {isa = PBXFileReference; lastKnownFileType = folder.assetcatalog; path = Assets.xcassets; sourceTree = "<group>"; };
		A47E9A76283FDACE00823CD0 /* Base */ = {isa = PBXFileReference; lastKnownFileType = file.storyboard; name = Base; path = Base.lproj/LaunchScreen.storyboard; sourceTree = "<group>"; };
		A47E9A78283FDACE00823CD0 /* Info.plist */ = {isa = PBXFileReference; lastKnownFileType = text.plist.xml; path = Info.plist; sourceTree = "<group>"; };
		A47E9A88283FF01300823CD0 /* SectionTableViewCell.xib */ = {isa = PBXFileReference; fileEncoding = 4; lastKnownFileType = file.xib; path = SectionTableViewCell.xib; sourceTree = "<group>"; };
		A47E9A89283FF01300823CD0 /* SectionTableViewCell.swift */ = {isa = PBXFileReference; fileEncoding = 4; lastKnownFileType = sourcecode.swift; path = SectionTableViewCell.swift; sourceTree = "<group>"; };
		A47E9A8E283FF01300823CD0 /* MovieCollectionViewCell.swift */ = {isa = PBXFileReference; fileEncoding = 4; lastKnownFileType = sourcecode.swift; path = MovieCollectionViewCell.swift; sourceTree = "<group>"; };
		A47E9A8F283FF01300823CD0 /* MovieCollectionViewCell.xib */ = {isa = PBXFileReference; fileEncoding = 4; lastKnownFileType = file.xib; path = MovieCollectionViewCell.xib; sourceTree = "<group>"; };
		A47E9A97283FF05700823CD0 /* Movie.swift */ = {isa = PBXFileReference; fileEncoding = 4; lastKnownFileType = sourcecode.swift; path = Movie.swift; sourceTree = "<group>"; };
		A47E9A98283FF05700823CD0 /* MovieResponse.swift */ = {isa = PBXFileReference; fileEncoding = 4; lastKnownFileType = sourcecode.swift; path = MovieResponse.swift; sourceTree = "<group>"; };
		A47E9A99283FF05700823CD0 /* Section.swift */ = {isa = PBXFileReference; fileEncoding = 4; lastKnownFileType = sourcecode.swift; path = Section.swift; sourceTree = "<group>"; };
		A47E9A9E283FF1F700823CD0 /* Constants.swift */ = {isa = PBXFileReference; lastKnownFileType = sourcecode.swift; path = Constants.swift; sourceTree = "<group>"; };
		FCB787E30655D42EE90CB461 /* Pods_Combineflix.framework */ = {isa = PBXFileReference; explicitFileType = wrapper.framework; includeInIndex = 0; path = Pods_Combineflix.framework; sourceTree = BUILT_PRODUCTS_DIR; };
/* End PBXFileReference section */

/* Begin PBXFrameworksBuildPhase section */
		A47E9A64283FDACA00823CD0 /* Frameworks */ = {
			isa = PBXFrameworksBuildPhase;
			buildActionMask = 2147483647;
			files = (
				6DFE0F310F9C223A64C7A8C4 /* Pods_Combineflix.framework in Frameworks */,
			);
			runOnlyForDeploymentPostprocessing = 0;
		};
/* End PBXFrameworksBuildPhase section */

/* Begin PBXGroup section */
		A47E9A5E283FDACA00823CD0 = {
			isa = PBXGroup;
			children = (
				A47E9A69283FDACA00823CD0 /* Combineflix */,
				A47E9A68283FDACA00823CD0 /* Products */,
				F8AB48BAA3219EDE4BF028DB /* Pods */,
				BC407D15E357EC8C664D650B /* Frameworks */,
			);
			sourceTree = "<group>";
		};
		A47E9A68283FDACA00823CD0 /* Products */ = {
			isa = PBXGroup;
			children = (
				A47E9A67283FDACA00823CD0 /* Combineflix.app */,
			);
			name = Products;
			sourceTree = "<group>";
		};
		A47E9A69283FDACA00823CD0 /* Combineflix */ = {
			isa = PBXGroup;
			children = (
				A47E9A9D283FF1EB00823CD0 /* Constants */,
				A47E9A96283FF04400823CD0 /* Models */,
				A47E9A86283FEFF200823CD0 /* Views */,
				A47E9A84283FEF7900823CD0 /* Protocols */,
				A47E9A83283FEF7300823CD0 /* Network */,
				A47E9A7F283FDC1E00823CD0 /* App Delegate */,
				A47E9A7E283FDC1000823CD0 /* Support Files */,
				A47E9A82283FDC5900823CD0 /* Viewmodels */,
				A47E9A81283FDC5500823CD0 /* Controllers */,
				A47E9A80283FDC3900823CD0 /* Storyboards */,
				A47E9A73283FDACE00823CD0 /* Assets.xcassets */,
			);
			path = Combineflix;
			sourceTree = "<group>";
		};
		A47E9A7E283FDC1000823CD0 /* Support Files */ = {
			isa = PBXGroup;
			children = (
				A47E9A78283FDACE00823CD0 /* Info.plist */,
			);
			path = "Support Files";
			sourceTree = "<group>";
		};
		A47E9A7F283FDC1E00823CD0 /* App Delegate */ = {
			isa = PBXGroup;
			children = (
				A47E9A6A283FDACA00823CD0 /* AppDelegate.swift */,
				A47E9A6C283FDACA00823CD0 /* SceneDelegate.swift */,
			);
			path = "App Delegate";
			sourceTree = "<group>";
		};
		A47E9A80283FDC3900823CD0 /* Storyboards */ = {
			isa = PBXGroup;
			children = (
				A47E9A70283FDACA00823CD0 /* Main.storyboard */,
				A47E9A75283FDACE00823CD0 /* LaunchScreen.storyboard */,
			);
			path = Storyboards;
			sourceTree = "<group>";
		};
		A47E9A81283FDC5500823CD0 /* Controllers */ = {
			isa = PBXGroup;
			children = (
				A47E9A6E283FDACA00823CD0 /* MainViewController.swift */,
			);
			path = Controllers;
			sourceTree = "<group>";
		};
		A47E9A82283FDC5900823CD0 /* Viewmodels */ = {
			isa = PBXGroup;
			children = (
				A45852E828417B220039BCE8 /* SectionViewModel.swift */,
				A45852EA28417C460039BCE8 /* MainViewModel.swift */,
				A45852EC28417DAA0039BCE8 /* MovieViewModel.swift */,
			);
			path = Viewmodels;
			sourceTree = "<group>";
		};
		A47E9A83283FEF7300823CD0 /* Network */ = {
			isa = PBXGroup;
			children = (
				A45852E6284177280039BCE8 /* NetworkService.swift */,
				A40C2C9D28423358008AB022 /* ImageDownloadService.swift */,
			);
			path = Network;
			sourceTree = "<group>";
		};
		A47E9A84283FEF7900823CD0 /* Protocols */ = {
			isa = PBXGroup;
			children = (
				A45852E4284176510039BCE8 /* NetworkServiceable.swift */,
				A40C2C9B284232F5008AB022 /* ImageDownloadable.swift */,
			);
			path = Protocols;
			sourceTree = "<group>";
		};
		A47E9A86283FEFF200823CD0 /* Views */ = {
			isa = PBXGroup;
			children = (
				A47E9A8D283FF01300823CD0 /* Collection Cells */,
				A47E9A87283FF01300823CD0 /* Table Cells */,
			);
			path = Views;
			sourceTree = "<group>";
		};
		A47E9A87283FF01300823CD0 /* Table Cells */ = {
			isa = PBXGroup;
			children = (
				A47E9A88283FF01300823CD0 /* SectionTableViewCell.xib */,
				A47E9A89283FF01300823CD0 /* SectionTableViewCell.swift */,
			);
			path = "Table Cells";
			sourceTree = "<group>";
		};
		A47E9A8D283FF01300823CD0 /* Collection Cells */ = {
			isa = PBXGroup;
			children = (
				A47E9A8E283FF01300823CD0 /* MovieCollectionViewCell.swift */,
				A47E9A8F283FF01300823CD0 /* MovieCollectionViewCell.xib */,
			);
			path = "Collection Cells";
			sourceTree = "<group>";
		};
		A47E9A96283FF04400823CD0 /* Models */ = {
			isa = PBXGroup;
			children = (
				A47E9A97283FF05700823CD0 /* Movie.swift */,
				A47E9A98283FF05700823CD0 /* MovieResponse.swift */,
				A47E9A99283FF05700823CD0 /* Section.swift */,
			);
			path = Models;
			sourceTree = "<group>";
		};
		A47E9A9D283FF1EB00823CD0 /* Constants */ = {
			isa = PBXGroup;
			children = (
				A47E9A9E283FF1F700823CD0 /* Constants.swift */,
			);
			path = Constants;
			sourceTree = "<group>";
		};
		BC407D15E357EC8C664D650B /* Frameworks */ = {
			isa = PBXGroup;
			children = (
				FCB787E30655D42EE90CB461 /* Pods_Combineflix.framework */,
			);
			name = Frameworks;
			sourceTree = "<group>";
		};
		F8AB48BAA3219EDE4BF028DB /* Pods */ = {
			isa = PBXGroup;
			children = (
				16CBE6E30C81B9D58BD52E0B /* Pods-Combineflix.debug.xcconfig */,
				6838302878F3B5A0A701F75A /* Pods-Combineflix.release.xcconfig */,
			);
			path = Pods;
			sourceTree = "<group>";
		};
/* End PBXGroup section */

/* Begin PBXNativeTarget section */
		A47E9A66283FDACA00823CD0 /* Combineflix */ = {
			isa = PBXNativeTarget;
			buildConfigurationList = A47E9A7B283FDACE00823CD0 /* Build configuration list for PBXNativeTarget "Combineflix" */;
			buildPhases = (
				9A1B6452D27957F4CD1AA108 /* [CP] Check Pods Manifest.lock */,
				A47E9A63283FDACA00823CD0 /* Sources */,
				A47E9A64283FDACA00823CD0 /* Frameworks */,
				A47E9A65283FDACA00823CD0 /* Resources */,
				D22FD05F251B996C68287D71 /* [CP] Embed Pods Frameworks */,
			);
			buildRules = (
			);
			dependencies = (
			);
			name = Combineflix;
			productName = Combineflix;
			productReference = A47E9A67283FDACA00823CD0 /* Combineflix.app */;
			productType = "com.apple.product-type.application";
		};
/* End PBXNativeTarget section */

/* Begin PBXProject section */
		A47E9A5F283FDACA00823CD0 /* Project object */ = {
			isa = PBXProject;
			attributes = {
				BuildIndependentTargetsInParallel = 1;
				LastSwiftUpdateCheck = 1340;
				LastUpgradeCheck = 1340;
				TargetAttributes = {
					A47E9A66283FDACA00823CD0 = {
						CreatedOnToolsVersion = 13.4;
					};
				};
			};
			buildConfigurationList = A47E9A62283FDACA00823CD0 /* Build configuration list for PBXProject "Combineflix" */;
			compatibilityVersion = "Xcode 13.0";
			developmentRegion = en;
			hasScannedForEncodings = 0;
			knownRegions = (
				en,
				Base,
			);
			mainGroup = A47E9A5E283FDACA00823CD0;
			productRefGroup = A47E9A68283FDACA00823CD0 /* Products */;
			projectDirPath = "";
			projectRoot = "";
			targets = (
				A47E9A66283FDACA00823CD0 /* Combineflix */,
			);
		};
/* End PBXProject section */

/* Begin PBXResourcesBuildPhase section */
		A47E9A65283FDACA00823CD0 /* Resources */ = {
			isa = PBXResourcesBuildPhase;
			buildActionMask = 2147483647;
			files = (
				A47E9A77283FDACE00823CD0 /* LaunchScreen.storyboard in Resources */,
				A47E9A90283FF01300823CD0 /* SectionTableViewCell.xib in Resources */,
				A47E9A74283FDACE00823CD0 /* Assets.xcassets in Resources */,
				A47E9A72283FDACA00823CD0 /* Main.storyboard in Resources */,
				A47E9A95283FF01300823CD0 /* MovieCollectionViewCell.xib in Resources */,
			);
			runOnlyForDeploymentPostprocessing = 0;
		};
/* End PBXResourcesBuildPhase section */

/* Begin PBXShellScriptBuildPhase section */
		9A1B6452D27957F4CD1AA108 /* [CP] Check Pods Manifest.lock */ = {
			isa = PBXShellScriptBuildPhase;
			buildActionMask = 2147483647;
			files = (
			);
			inputFileListPaths = (
			);
			inputPaths = (
				"${PODS_PODFILE_DIR_PATH}/Podfile.lock",
				"${PODS_ROOT}/Manifest.lock",
			);
			name = "[CP] Check Pods Manifest.lock";
			outputFileListPaths = (
			);
			outputPaths = (
				"$(DERIVED_FILE_DIR)/Pods-Combineflix-checkManifestLockResult.txt",
			);
			runOnlyForDeploymentPostprocessing = 0;
			shellPath = /bin/sh;
			shellScript = "diff \"${PODS_PODFILE_DIR_PATH}/Podfile.lock\" \"${PODS_ROOT}/Manifest.lock\" > /dev/null\nif [ $? != 0 ] ; then\n    # print error to STDERR\n    echo \"error: The sandbox is not in sync with the Podfile.lock. Run 'pod install' or update your CocoaPods installation.\" >&2\n    exit 1\nfi\n# This output is used by Xcode 'outputs' to avoid re-running this script phase.\necho \"SUCCESS\" > \"${SCRIPT_OUTPUT_FILE_0}\"\n";
			showEnvVarsInLog = 0;
		};
		D22FD05F251B996C68287D71 /* [CP] Embed Pods Frameworks */ = {
			isa = PBXShellScriptBuildPhase;
			buildActionMask = 2147483647;
			files = (
			);
			inputFileListPaths = (
				"${PODS_ROOT}/Target Support Files/Pods-Combineflix/Pods-Combineflix-frameworks-${CONFIGURATION}-input-files.xcfilelist",
			);
			name = "[CP] Embed Pods Frameworks";
			outputFileListPaths = (
				"${PODS_ROOT}/Target Support Files/Pods-Combineflix/Pods-Combineflix-frameworks-${CONFIGURATION}-output-files.xcfilelist",
			);
			runOnlyForDeploymentPostprocessing = 0;
			shellPath = /bin/sh;
			shellScript = "\"${PODS_ROOT}/Target Support Files/Pods-Combineflix/Pods-Combineflix-frameworks.sh\"\n";
			showEnvVarsInLog = 0;
		};
/* End PBXShellScriptBuildPhase section */

/* Begin PBXSourcesBuildPhase section */
		A47E9A63283FDACA00823CD0 /* Sources */ = {
			isa = PBXSourcesBuildPhase;
			buildActionMask = 2147483647;
			files = (
				A45852E7284177280039BCE8 /* NetworkService.swift in Sources */,
				A40C2C9E28423358008AB022 /* ImageDownloadService.swift in Sources */,
				A45852E5284176510039BCE8 /* NetworkServiceable.swift in Sources */,
				A40C2C9C284232F5008AB022 /* ImageDownloadable.swift in Sources */,
				A45852E928417B220039BCE8 /* SectionViewModel.swift in Sources */,
				A47E9A9C283FF05700823CD0 /* Section.swift in Sources */,
				A47E9A9A283FF05700823CD0 /* Movie.swift in Sources */,
				A45852ED28417DAA0039BCE8 /* MovieViewModel.swift in Sources */,
				A45852EB28417C460039BCE8 /* MainViewModel.swift in Sources */,
				A47E9A6F283FDACA00823CD0 /* MainViewController.swift in Sources */,
				A47E9A91283FF01300823CD0 /* SectionTableViewCell.swift in Sources */,
				A47E9A94283FF01300823CD0 /* MovieCollectionViewCell.swift in Sources */,
				A47E9A9B283FF05700823CD0 /* MovieResponse.swift in Sources */,
				A47E9A6B283FDACA00823CD0 /* AppDelegate.swift in Sources */,
				A47E9A6D283FDACA00823CD0 /* SceneDelegate.swift in Sources */,
				A47E9A9F283FF1F700823CD0 /* Constants.swift in Sources */,
			);
			runOnlyForDeploymentPostprocessing = 0;
		};
/* End PBXSourcesBuildPhase section */

/* Begin PBXVariantGroup section */
		A47E9A70283FDACA00823CD0 /* Main.storyboard */ = {
			isa = PBXVariantGroup;
			children = (
				A47E9A71283FDACA00823CD0 /* Base */,
			);
			name = Main.storyboard;
			sourceTree = "<group>";
		};
		A47E9A75283FDACE00823CD0 /* LaunchScreen.storyboard */ = {
			isa = PBXVariantGroup;
			children = (
				A47E9A76283FDACE00823CD0 /* Base */,
			);
			name = LaunchScreen.storyboard;
			sourceTree = "<group>";
		};
/* End PBXVariantGroup section */

/* Begin XCBuildConfiguration section */
		A47E9A79283FDACE00823CD0 /* Debug */ = {
			isa = XCBuildConfiguration;
			buildSettings = {
				ALWAYS_SEARCH_USER_PATHS = NO;
				CLANG_ANALYZER_NONNULL = YES;
				CLANG_ANALYZER_NUMBER_OBJECT_CONVERSION = YES_AGGRESSIVE;
				CLANG_CXX_LANGUAGE_STANDARD = "gnu++17";
				CLANG_ENABLE_MODULES = YES;
				CLANG_ENABLE_OBJC_ARC = YES;
				CLANG_ENABLE_OBJC_WEAK = YES;
				CLANG_WARN_BLOCK_CAPTURE_AUTORELEASING = YES;
				CLANG_WARN_BOOL_CONVERSION = YES;
				CLANG_WARN_COMMA = YES;
				CLANG_WARN_CONSTANT_CONVERSION = YES;
				CLANG_WARN_DEPRECATED_OBJC_IMPLEMENTATIONS = YES;
				CLANG_WARN_DIRECT_OBJC_ISA_USAGE = YES_ERROR;
				CLANG_WARN_DOCUMENTATION_COMMENTS = YES;
				CLANG_WARN_EMPTY_BODY = YES;
				CLANG_WARN_ENUM_CONVERSION = YES;
				CLANG_WARN_INFINITE_RECURSION = YES;
				CLANG_WARN_INT_CONVERSION = YES;
				CLANG_WARN_NON_LITERAL_NULL_CONVERSION = YES;
				CLANG_WARN_OBJC_IMPLICIT_RETAIN_SELF = YES;
				CLANG_WARN_OBJC_LITERAL_CONVERSION = YES;
				CLANG_WARN_OBJC_ROOT_CLASS = YES_ERROR;
				CLANG_WARN_QUOTED_INCLUDE_IN_FRAMEWORK_HEADER = YES;
				CLANG_WARN_RANGE_LOOP_ANALYSIS = YES;
				CLANG_WARN_STRICT_PROTOTYPES = YES;
				CLANG_WARN_SUSPICIOUS_MOVE = YES;
				CLANG_WARN_UNGUARDED_AVAILABILITY = YES_AGGRESSIVE;
				CLANG_WARN_UNREACHABLE_CODE = YES;
				CLANG_WARN__DUPLICATE_METHOD_MATCH = YES;
				COPY_PHASE_STRIP = NO;
				DEBUG_INFORMATION_FORMAT = dwarf;
				ENABLE_STRICT_OBJC_MSGSEND = YES;
				ENABLE_TESTABILITY = YES;
				GCC_C_LANGUAGE_STANDARD = gnu11;
				GCC_DYNAMIC_NO_PIC = NO;
				GCC_NO_COMMON_BLOCKS = YES;
				GCC_OPTIMIZATION_LEVEL = 0;
				GCC_PREPROCESSOR_DEFINITIONS = (
					"DEBUG=1",
					"$(inherited)",
				);
				GCC_WARN_64_TO_32_BIT_CONVERSION = YES;
				GCC_WARN_ABOUT_RETURN_TYPE = YES_ERROR;
				GCC_WARN_UNDECLARED_SELECTOR = YES;
				GCC_WARN_UNINITIALIZED_AUTOS = YES_AGGRESSIVE;
				GCC_WARN_UNUSED_FUNCTION = YES;
				GCC_WARN_UNUSED_VARIABLE = YES;
				IPHONEOS_DEPLOYMENT_TARGET = 15.5;
				MTL_ENABLE_DEBUG_INFO = INCLUDE_SOURCE;
				MTL_FAST_MATH = YES;
				ONLY_ACTIVE_ARCH = YES;
				SDKROOT = iphoneos;
				SWIFT_ACTIVE_COMPILATION_CONDITIONS = DEBUG;
				SWIFT_OPTIMIZATION_LEVEL = "-Onone";
			};
			name = Debug;
		};
		A47E9A7A283FDACE00823CD0 /* Release */ = {
			isa = XCBuildConfiguration;
			buildSettings = {
				ALWAYS_SEARCH_USER_PATHS = NO;
				CLANG_ANALYZER_NONNULL = YES;
				CLANG_ANALYZER_NUMBER_OBJECT_CONVERSION = YES_AGGRESSIVE;
				CLANG_CXX_LANGUAGE_STANDARD = "gnu++17";
				CLANG_ENABLE_MODULES = YES;
				CLANG_ENABLE_OBJC_ARC = YES;
				CLANG_ENABLE_OBJC_WEAK = YES;
				CLANG_WARN_BLOCK_CAPTURE_AUTORELEASING = YES;
				CLANG_WARN_BOOL_CONVERSION = YES;
				CLANG_WARN_COMMA = YES;
				CLANG_WARN_CONSTANT_CONVERSION = YES;
				CLANG_WARN_DEPRECATED_OBJC_IMPLEMENTATIONS = YES;
				CLANG_WARN_DIRECT_OBJC_ISA_USAGE = YES_ERROR;
				CLANG_WARN_DOCUMENTATION_COMMENTS = YES;
				CLANG_WARN_EMPTY_BODY = YES;
				CLANG_WARN_ENUM_CONVERSION = YES;
				CLANG_WARN_INFINITE_RECURSION = YES;
				CLANG_WARN_INT_CONVERSION = YES;
				CLANG_WARN_NON_LITERAL_NULL_CONVERSION = YES;
				CLANG_WARN_OBJC_IMPLICIT_RETAIN_SELF = YES;
				CLANG_WARN_OBJC_LITERAL_CONVERSION = YES;
				CLANG_WARN_OBJC_ROOT_CLASS = YES_ERROR;
				CLANG_WARN_QUOTED_INCLUDE_IN_FRAMEWORK_HEADER = YES;
				CLANG_WARN_RANGE_LOOP_ANALYSIS = YES;
				CLANG_WARN_STRICT_PROTOTYPES = YES;
				CLANG_WARN_SUSPICIOUS_MOVE = YES;
				CLANG_WARN_UNGUARDED_AVAILABILITY = YES_AGGRESSIVE;
				CLANG_WARN_UNREACHABLE_CODE = YES;
				CLANG_WARN__DUPLICATE_METHOD_MATCH = YES;
				COPY_PHASE_STRIP = NO;
				DEBUG_INFORMATION_FORMAT = "dwarf-with-dsym";
				ENABLE_NS_ASSERTIONS = NO;
				ENABLE_STRICT_OBJC_MSGSEND = YES;
				GCC_C_LANGUAGE_STANDARD = gnu11;
				GCC_NO_COMMON_BLOCKS = YES;
				GCC_WARN_64_TO_32_BIT_CONVERSION = YES;
				GCC_WARN_ABOUT_RETURN_TYPE = YES_ERROR;
				GCC_WARN_UNDECLARED_SELECTOR = YES;
				GCC_WARN_UNINITIALIZED_AUTOS = YES_AGGRESSIVE;
				GCC_WARN_UNUSED_FUNCTION = YES;
				GCC_WARN_UNUSED_VARIABLE = YES;
				IPHONEOS_DEPLOYMENT_TARGET = 15.5;
				MTL_ENABLE_DEBUG_INFO = NO;
				MTL_FAST_MATH = YES;
				SDKROOT = iphoneos;
				SWIFT_COMPILATION_MODE = wholemodule;
				SWIFT_OPTIMIZATION_LEVEL = "-O";
				VALIDATE_PRODUCT = YES;
			};
			name = Release;
		};
		A47E9A7C283FDACE00823CD0 /* Debug */ = {
			isa = XCBuildConfiguration;
			baseConfigurationReference = 16CBE6E30C81B9D58BD52E0B /* Pods-Combineflix.debug.xcconfig */;
			buildSettings = {
				ASSETCATALOG_COMPILER_APPICON_NAME = AppIcon;
				ASSETCATALOG_COMPILER_GLOBAL_ACCENT_COLOR_NAME = AccentColor;
				CODE_SIGN_STYLE = Automatic;
				CURRENT_PROJECT_VERSION = 1;
				GENERATE_INFOPLIST_FILE = YES;
				INFOPLIST_FILE = "Combineflix/Support Files/Info.plist";
				INFOPLIST_KEY_UIApplicationSupportsIndirectInputEvents = YES;
				INFOPLIST_KEY_UILaunchStoryboardName = LaunchScreen;
				INFOPLIST_KEY_UIMainStoryboardFile = Main;
				INFOPLIST_KEY_UISupportedInterfaceOrientations_iPad = "UIInterfaceOrientationPortrait UIInterfaceOrientationPortraitUpsideDown UIInterfaceOrientationLandscapeLeft UIInterfaceOrientationLandscapeRight";
				INFOPLIST_KEY_UISupportedInterfaceOrientations_iPhone = "UIInterfaceOrientationPortrait UIInterfaceOrientationLandscapeLeft UIInterfaceOrientationLandscapeRight";
				LD_RUNPATH_SEARCH_PATHS = (
					"$(inherited)",
					"@executable_path/Frameworks",
				);
				MARKETING_VERSION = 1.0;
				PRODUCT_BUNDLE_IDENTIFIER = com.tests.Combineflix;
				PRODUCT_NAME = "$(TARGET_NAME)";
				SWIFT_EMIT_LOC_STRINGS = YES;
				SWIFT_VERSION = 5.0;
				TARGETED_DEVICE_FAMILY = "1,2";
			};
			name = Debug;
		};
		A47E9A7D283FDACE00823CD0 /* Release */ = {
			isa = XCBuildConfiguration;
			baseConfigurationReference = 6838302878F3B5A0A701F75A /* Pods-Combineflix.release.xcconfig */;
			buildSettings = {
				ASSETCATALOG_COMPILER_APPICON_NAME = AppIcon;
				ASSETCATALOG_COMPILER_GLOBAL_ACCENT_COLOR_NAME = AccentColor;
				CODE_SIGN_STYLE = Automatic;
				CURRENT_PROJECT_VERSION = 1;
				GENERATE_INFOPLIST_FILE = YES;
				INFOPLIST_FILE = "Combineflix/Support Files/Info.plist";
				INFOPLIST_KEY_UIApplicationSupportsIndirectInputEvents = YES;
				INFOPLIST_KEY_UILaunchStoryboardName = LaunchScreen;
				INFOPLIST_KEY_UIMainStoryboardFile = Main;
				INFOPLIST_KEY_UISupportedInterfaceOrientations_iPad = "UIInterfaceOrientationPortrait UIInterfaceOrientationPortraitUpsideDown UIInterfaceOrientationLandscapeLeft UIInterfaceOrientationLandscapeRight";
				INFOPLIST_KEY_UISupportedInterfaceOrientations_iPhone = "UIInterfaceOrientationPortrait UIInterfaceOrientationLandscapeLeft UIInterfaceOrientationLandscapeRight";
				LD_RUNPATH_SEARCH_PATHS = (
					"$(inherited)",
					"@executable_path/Frameworks",
				);
				MARKETING_VERSION = 1.0;
				PRODUCT_BUNDLE_IDENTIFIER = com.tests.Combineflix;
				PRODUCT_NAME = "$(TARGET_NAME)";
				SWIFT_EMIT_LOC_STRINGS = YES;
				SWIFT_VERSION = 5.0;
				TARGETED_DEVICE_FAMILY = "1,2";
			};
			name = Release;
		};
/* End XCBuildConfiguration section */

/* Begin XCConfigurationList section */
		A47E9A62283FDACA00823CD0 /* Build configuration list for PBXProject "Combineflix" */ = {
			isa = XCConfigurationList;
			buildConfigurations = (
				A47E9A79283FDACE00823CD0 /* Debug */,
				A47E9A7A283FDACE00823CD0 /* Release */,
			);
			defaultConfigurationIsVisible = 0;
			defaultConfigurationName = Release;
		};
		A47E9A7B283FDACE00823CD0 /* Build configuration list for PBXNativeTarget "Combineflix" */ = {
			isa = XCConfigurationList;
			buildConfigurations = (
				A47E9A7C283FDACE00823CD0 /* Debug */,
				A47E9A7D283FDACE00823CD0 /* Release */,
			);
			defaultConfigurationIsVisible = 0;
			defaultConfigurationName = Release;
		};
/* End XCConfigurationList section */
	};
	rootObject = A47E9A5F283FDACA00823CD0 /* Project object */;
}
